
Microsoft Visual Studio Solution File, Format Version 12.00
# Visual Studio Version 17
VisualStudioVersion = 17.11.35222.181
MinimumVisualStudioVersion = 10.0.40219.1
Project("{FAE04EC0-301F-11D3-BF4B-00C04F79EFBC}") = "AltruriaPTO", "AltruriaPTO.csproj", "{8D649F17-1975-4558-ACEF-70ECB8C5291B}"
EndProject
Global
	GlobalSection(SolutionConfigurationPlatforms) = preSolution
		Debug|Any CPU = Debug|Any CPU
		Release|Any CPU = Release|Any CPU
	EndGlobalSection
	GlobalSection(ProjectConfigurationPlatforms) = postSolution
		{8D649F17-1975-4558-ACEF-70ECB8C5291B}.Debug|Any CPU.ActiveCfg = Debug|Any CPU
		{8D649F17-1975-4558-ACEF-70ECB8C5291B}.Debug|Any CPU.Build.0 = Debug|Any CPU
		{8D649F17-1975-4558-ACEF-70ECB8C5291B}.Release|Any CPU.ActiveCfg = Release|Any CPU
		{8D649F17-1975-4558-ACEF-70ECB8C5291B}.Release|Any CPU.Build.0 = Release|Any CPU
	EndGlobalSection
	GlobalSection(SolutionProperties) = preSolution
		HideSolutionNode = FALSE
	EndGlobalSection
	GlobalSection(ExtensibilityGlobals) = postSolution
		SolutionGuid = {3F49AF5C-29B6-4253-A955-3B116797E7C4}
	EndGlobalSection
EndGlobal
